
Microsoft Visual Studio Solution File, Format Version 12.00
# Visual Studio Version 16
VisualStudioVersion = 16.0.29519.87
MinimumVisualStudioVersion = 10.0.40219.1
Project("{FAE04EC0-301F-11D3-BF4B-00C04F79EFBC}") = "UI", "UI.csproj", "{0D75F0F1-5436-425E-A9B6-2865EF8C8671}"
EndProject
Project("{FAE04EC0-301F-11D3-BF4B-00C04F79EFBC}") = "MathsComponent", "..\MathsComponent\MathsComponent.csproj", "{11159492-BB1B-450C-BA26-CD5C3B32F5FC}"
EndProject
Global
	GlobalSection(SolutionConfigurationPlatforms) = preSolution
		Debug|Any CPU = Debug|Any CPU
		Release|Any CPU = Release|Any CPU
	EndGlobalSection
	GlobalSection(ProjectConfigurationPlatforms) = postSolution
		{0D75F0F1-5436-425E-A9B6-2865EF8C8671}.Debug|Any CPU.ActiveCfg = Debug|Any CPU
		{0D75F0F1-5436-425E-A9B6-2865EF8C8671}.Debug|Any CPU.Build.0 = Debug|Any CPU
		{0D75F0F1-5436-425E-A9B6-2865EF8C8671}.Release|Any CPU.ActiveCfg = Release|Any CPU
		{0D75F0F1-5436-425E-A9B6-2865EF8C8671}.Release|Any CPU.Build.0 = Release|Any CPU
		{11159492-BB1B-450C-BA26-CD5C3B32F5FC}.Debug|Any CPU.ActiveCfg = Debug|Any CPU
		{11159492-BB1B-450C-BA26-CD5C3B32F5FC}.Debug|Any CPU.Build.0 = Debug|Any CPU
		{11159492-BB1B-450C-BA26-CD5C3B32F5FC}.Release|Any CPU.ActiveCfg = Release|Any CPU
		{11159492-BB1B-450C-BA26-CD5C3B32F5FC}.Release|Any CPU.Build.0 = Release|Any CPU
	EndGlobalSection
	GlobalSection(SolutionProperties) = preSolution
		HideSolutionNode = FALSE
	EndGlobalSection
	GlobalSection(ExtensibilityGlobals) = postSolution
		SolutionGuid = {43633FC0-8776-4333-AD2D-7AFDA7447EC1}
	EndGlobalSection
EndGlobal
